{
  "requires": true,
  "lockfileVersion": 1,
  "dependencies": {
    "go-bindata": {
      "version": "0.0.8",
      "resolved": "https://registry.npmjs.org/go-bindata/-/go-bindata-0.0.8.tgz",
      "integrity": "sha512-uDTXH1+yH21wWkTwHUDftJqTANCMrBHS44W1i0cCGoLtF4edqW5UUjoN8KZiS6SCB0LyBoqQMBYNcC/EGVo2Cw==",
      "dev": true
    }
  }
}
